
Microsoft Visual Studio Solution File, Format Version 12.00
# Visual Studio 2013
VisualStudioVersion = 12.0.31101.0
MinimumVisualStudioVersion = 10.0.40219.1
Project("{FAE04EC0-301F-11D3-BF4B-00C04F79EFBC}") = "Twitter3", "Twitter3\Twitter3.csproj", "{7C6CFDA7-71C9-4BA2-9E44-88766115DD89}"
EndProject
Project("{FAE04EC0-301F-11D3-BF4B-00C04F79EFBC}") = "VBSyncConsole", "VBSyncConsole\VBSyncConsole.csproj", "{B608AA74-2063-48F0-BCC5-EF5109DB6E50}"
EndProject
Project("{FAE04EC0-301F-11D3-BF4B-00C04F79EFBC}") = "TestMezelf", "TestMezelf\TestMezelf.csproj", "{94759135-5981-49FE-9C8B-096F9CC9B7FE}"
EndProject
Project("{FAE04EC0-301F-11D3-BF4B-00C04F79EFBC}") = "PastaPizzaNet", "PastaPizzaNet\PastaPizzaNet.csproj", "{DDFB1836-921F-4A83-906C-9594DA162FB4}"
EndProject
Project("{FAE04EC0-301F-11D3-BF4B-00C04F79EFBC}") = "Testing", "Testing\Testing.csproj", "{531C7FA9-6D0F-4FB9-9BA3-901A756BA3AD}"
EndProject
Project("{FAE04EC0-301F-11D3-BF4B-00C04F79EFBC}") = "TravelNet", "TravelNet\TravelNet.csproj", "{66AAADBC-BBD4-47A1-96B3-B1C8A2CCC4EB}"
EndProject
Project("{FAE04EC0-301F-11D3-BF4B-00C04F79EFBC}") = "XML", "XML\XML.csproj", "{2E199062-3098-4776-8A4F-6971D46C9D60}"
EndProject
Project("{FAE04EC0-301F-11D3-BF4B-00C04F79EFBC}") = "WpfCursus", "WpfCursus\WpfCursus.csproj", "{83A49F43-D83B-459A-A2EC-D0969D509B27}"
EndProject
Project("{FAE04EC0-301F-11D3-BF4B-00C04F79EFBC}") = "Tekstverwerken", "Tekstverwerken\Tekstverwerken.csproj", "{BE954FB0-611D-4A87-ADD3-3A8AA83A0B4D}"
EndProject
Project("{FAE04EC0-301F-11D3-BF4B-00C04F79EFBC}") = "Pizza Bestellen", "Pizza Bestellen\Pizza Bestellen.csproj", "{80C2A03D-7949-4512-B952-2BCED8712FC5}"
EndProject
Project("{FAE04EC0-301F-11D3-BF4B-00C04F79EFBC}") = "Telefoon", "Telefoon\Telefoon.csproj", "{701F6BB5-006F-4114-87B7-AD5A22E401BE}"
EndProject
Project("{FAE04EC0-301F-11D3-BF4B-00C04F79EFBC}") = "ParkingBon", "ParkingBon\ParkingBon.csproj", "{C9B20B1D-936D-40EE-8399-C5D21241B247}"
EndProject
Project("{FAE04EC0-301F-11D3-BF4B-00C04F79EFBC}") = "BloemSamenstelling", "BloemSamenstelling\BloemSamenstelling.csproj", "{C17DD536-EDEC-4F5E-B4D2-B4986D15D630}"
EndProject
Global
	GlobalSection(SolutionConfigurationPlatforms) = preSolution
		Debug|Any CPU = Debug|Any CPU
		Release|Any CPU = Release|Any CPU
	EndGlobalSection
	GlobalSection(ProjectConfigurationPlatforms) = postSolution
		{7C6CFDA7-71C9-4BA2-9E44-88766115DD89}.Debug|Any CPU.ActiveCfg = Debug|Any CPU
		{7C6CFDA7-71C9-4BA2-9E44-88766115DD89}.Debug|Any CPU.Build.0 = Debug|Any CPU
		{7C6CFDA7-71C9-4BA2-9E44-88766115DD89}.Release|Any CPU.ActiveCfg = Release|Any CPU
		{7C6CFDA7-71C9-4BA2-9E44-88766115DD89}.Release|Any CPU.Build.0 = Release|Any CPU
		{B608AA74-2063-48F0-BCC5-EF5109DB6E50}.Debug|Any CPU.ActiveCfg = Debug|Any CPU
		{B608AA74-2063-48F0-BCC5-EF5109DB6E50}.Debug|Any CPU.Build.0 = Debug|Any CPU
		{B608AA74-2063-48F0-BCC5-EF5109DB6E50}.Release|Any CPU.ActiveCfg = Release|Any CPU
		{B608AA74-2063-48F0-BCC5-EF5109DB6E50}.Release|Any CPU.Build.0 = Release|Any CPU
		{94759135-5981-49FE-9C8B-096F9CC9B7FE}.Debug|Any CPU.ActiveCfg = Debug|Any CPU
		{94759135-5981-49FE-9C8B-096F9CC9B7FE}.Debug|Any CPU.Build.0 = Debug|Any CPU
		{94759135-5981-49FE-9C8B-096F9CC9B7FE}.Release|Any CPU.ActiveCfg = Release|Any CPU
		{94759135-5981-49FE-9C8B-096F9CC9B7FE}.Release|Any CPU.Build.0 = Release|Any CPU
		{DDFB1836-921F-4A83-906C-9594DA162FB4}.Debug|Any CPU.ActiveCfg = Debug|Any CPU
		{DDFB1836-921F-4A83-906C-9594DA162FB4}.Debug|Any CPU.Build.0 = Debug|Any CPU
		{DDFB1836-921F-4A83-906C-9594DA162FB4}.Release|Any CPU.ActiveCfg = Release|Any CPU
		{DDFB1836-921F-4A83-906C-9594DA162FB4}.Release|Any CPU.Build.0 = Release|Any CPU
		{531C7FA9-6D0F-4FB9-9BA3-901A756BA3AD}.Debug|Any CPU.ActiveCfg = Debug|Any CPU
		{531C7FA9-6D0F-4FB9-9BA3-901A756BA3AD}.Debug|Any CPU.Build.0 = Debug|Any CPU
		{531C7FA9-6D0F-4FB9-9BA3-901A756BA3AD}.Release|Any CPU.ActiveCfg = Release|Any CPU
		{531C7FA9-6D0F-4FB9-9BA3-901A756BA3AD}.Release|Any CPU.Build.0 = Release|Any CPU
		{66AAADBC-BBD4-47A1-96B3-B1C8A2CCC4EB}.Debug|Any CPU.ActiveCfg = Debug|Any CPU
		{66AAADBC-BBD4-47A1-96B3-B1C8A2CCC4EB}.Debug|Any CPU.Build.0 = Debug|Any CPU
		{66AAADBC-BBD4-47A1-96B3-B1C8A2CCC4EB}.Release|Any CPU.ActiveCfg = Release|Any CPU
		{66AAADBC-BBD4-47A1-96B3-B1C8A2CCC4EB}.Release|Any CPU.Build.0 = Release|Any CPU
		{2E199062-3098-4776-8A4F-6971D46C9D60}.Debug|Any CPU.ActiveCfg = Debug|Any CPU
		{2E199062-3098-4776-8A4F-6971D46C9D60}.Debug|Any CPU.Build.0 = Debug|Any CPU
		{2E199062-3098-4776-8A4F-6971D46C9D60}.Release|Any CPU.ActiveCfg = Release|Any CPU
		{2E199062-3098-4776-8A4F-6971D46C9D60}.Release|Any CPU.Build.0 = Release|Any CPU
		{83A49F43-D83B-459A-A2EC-D0969D509B27}.Debug|Any CPU.ActiveCfg = Debug|Any CPU
		{83A49F43-D83B-459A-A2EC-D0969D509B27}.Debug|Any CPU.Build.0 = Debug|Any CPU
		{83A49F43-D83B-459A-A2EC-D0969D509B27}.Release|Any CPU.ActiveCfg = Release|Any CPU
		{83A49F43-D83B-459A-A2EC-D0969D509B27}.Release|Any CPU.Build.0 = Release|Any CPU
		{BE954FB0-611D-4A87-ADD3-3A8AA83A0B4D}.Debug|Any CPU.ActiveCfg = Debug|Any CPU
		{BE954FB0-611D-4A87-ADD3-3A8AA83A0B4D}.Debug|Any CPU.Build.0 = Debug|Any CPU
		{BE954FB0-611D-4A87-ADD3-3A8AA83A0B4D}.Release|Any CPU.ActiveCfg = Release|Any CPU
		{BE954FB0-611D-4A87-ADD3-3A8AA83A0B4D}.Release|Any CPU.Build.0 = Release|Any CPU
		{80C2A03D-7949-4512-B952-2BCED8712FC5}.Debug|Any CPU.ActiveCfg = Debug|Any CPU
		{80C2A03D-7949-4512-B952-2BCED8712FC5}.Debug|Any CPU.Build.0 = Debug|Any CPU
		{80C2A03D-7949-4512-B952-2BCED8712FC5}.Release|Any CPU.ActiveCfg = Release|Any CPU
		{80C2A03D-7949-4512-B952-2BCED8712FC5}.Release|Any CPU.Build.0 = Release|Any CPU
		{701F6BB5-006F-4114-87B7-AD5A22E401BE}.Debug|Any CPU.ActiveCfg = Debug|Any CPU
		{701F6BB5-006F-4114-87B7-AD5A22E401BE}.Debug|Any CPU.Build.0 = Debug|Any CPU
		{701F6BB5-006F-4114-87B7-AD5A22E401BE}.Release|Any CPU.ActiveCfg = Release|Any CPU
		{701F6BB5-006F-4114-87B7-AD5A22E401BE}.Release|Any CPU.Build.0 = Release|Any CPU
		{C9B20B1D-936D-40EE-8399-C5D21241B247}.Debug|Any CPU.ActiveCfg = Debug|Any CPU
		{C9B20B1D-936D-40EE-8399-C5D21241B247}.Debug|Any CPU.Build.0 = Debug|Any CPU
		{C9B20B1D-936D-40EE-8399-C5D21241B247}.Release|Any CPU.ActiveCfg = Release|Any CPU
		{C9B20B1D-936D-40EE-8399-C5D21241B247}.Release|Any CPU.Build.0 = Release|Any CPU
		{C17DD536-EDEC-4F5E-B4D2-B4986D15D630}.Debug|Any CPU.ActiveCfg = Debug|Any CPU
		{C17DD536-EDEC-4F5E-B4D2-B4986D15D630}.Debug|Any CPU.Build.0 = Debug|Any CPU
		{C17DD536-EDEC-4F5E-B4D2-B4986D15D630}.Release|Any CPU.ActiveCfg = Release|Any CPU
		{C17DD536-EDEC-4F5E-B4D2-B4986D15D630}.Release|Any CPU.Build.0 = Release|Any CPU
	EndGlobalSection
	GlobalSection(SolutionProperties) = preSolution
		HideSolutionNode = FALSE
	EndGlobalSection
EndGlobal
